
Microsoft Visual Studio Solution File, Format Version 12.00
# Visual Studio 14
VisualStudioVersion = 14.0.25420.1
MinimumVisualStudioVersion = 10.0.40219.1
Project("{8BC9CEB8-8B4A-11D0-8D11-00A0C91BC942}") = "HelloGitHub", "HelloGitHub\HelloGitHub.vcxproj", "{C820D085-B0AB-4B63-9E40-02F29BB177B6}"
EndProject
Project("{8BC9CEB8-8B4A-11D0-8D11-00A0C91BC942}") = "Random​EnemyGenerator", "Random​EnemyGenerator\Random​EnemyGenerator.vcxproj", "{64524017-1E06-4FCF-8223-92F8749550C3}"
EndProject
Project("{8BC9CEB8-8B4A-11D0-8D11-00A0C91BC942}") = "TheWalkingDead", "TheWalkingDead\TheWalkingDead.vcxproj", "{0BAC2929-53FC-4837-994B-960B4EF93A05}"
EndProject
Project("{8BC9CEB8-8B4A-11D0-8D11-00A0C91BC942}") = "DynArray", "DynArray\DynArray.vcxproj", "{293933D5-7EEB-4570-B4A3-8AEEC477B2F0}"
EndProject
Project("{8BC9CEB8-8B4A-11D0-8D11-00A0C91BC942}") = "Testing", "Testing\Testing.vcxproj", "{A9110966-C71B-4369-A124-73D34D4843B5}"
EndProject
Project("{8BC9CEB8-8B4A-11D0-8D11-00A0C91BC942}") = "Vectors - Guide", "Vectors - Guide\Vectors - Guide.vcxproj", "{B13DDB86-F5BC-4D1C-9613-0E940FA86BD7}"
EndProject
Project("{8BC9CEB8-8B4A-11D0-8D11-00A0C91BC942}") = "PlayerRanking", "PlayerRanking\PlayerRanking.vcxproj", "{CE11803C-6E5A-4B7E-80D6-94EB8EA7E35B}"
EndProject
Project("{8BC9CEB8-8B4A-11D0-8D11-00A0C91BC942}") = "Activitat 8 -  Deque", "Activitat 8 -  Deque\Activitat 8 -  Deque.vcxproj", "{0372C91C-33E6-42F1-909D-F045EC1CD01E}"
EndProject
Project("{8BC9CEB8-8B4A-11D0-8D11-00A0C91BC942}") = "Activitat 9 - Stack", "Activitat 9 - Stack\Activitat 9 - Stack.vcxproj", "{314CFD0A-25A8-488F-B844-92B5F4FE08A2}"
EndProject
Project("{8BC9CEB8-8B4A-11D0-8D11-00A0C91BC942}") = "Activitat 9 2 - Stack", "Activitat 9 2 - Stack\Activitat 9 2 - Stack.vcxproj", "{066834AC-D86E-4CBD-BBE3-70C21EFD4D90}"
EndProject
Global
	GlobalSection(SolutionConfigurationPlatforms) = preSolution
		Debug|x64 = Debug|x64
		Debug|x86 = Debug|x86
		Release|x64 = Release|x64
		Release|x86 = Release|x86
	EndGlobalSection
	GlobalSection(ProjectConfigurationPlatforms) = postSolution
		{C820D085-B0AB-4B63-9E40-02F29BB177B6}.Debug|x64.ActiveCfg = Debug|x64
		{C820D085-B0AB-4B63-9E40-02F29BB177B6}.Debug|x64.Build.0 = Debug|x64
		{C820D085-B0AB-4B63-9E40-02F29BB177B6}.Debug|x86.ActiveCfg = Debug|Win32
		{C820D085-B0AB-4B63-9E40-02F29BB177B6}.Debug|x86.Build.0 = Debug|Win32
		{C820D085-B0AB-4B63-9E40-02F29BB177B6}.Release|x64.ActiveCfg = Release|x64
		{C820D085-B0AB-4B63-9E40-02F29BB177B6}.Release|x64.Build.0 = Release|x64
		{C820D085-B0AB-4B63-9E40-02F29BB177B6}.Release|x86.ActiveCfg = Release|Win32
		{C820D085-B0AB-4B63-9E40-02F29BB177B6}.Release|x86.Build.0 = Release|Win32
		{64524017-1E06-4FCF-8223-92F8749550C3}.Debug|x64.ActiveCfg = Debug|x64
		{64524017-1E06-4FCF-8223-92F8749550C3}.Debug|x64.Build.0 = Debug|x64
		{64524017-1E06-4FCF-8223-92F8749550C3}.Debug|x86.ActiveCfg = Debug|Win32
		{64524017-1E06-4FCF-8223-92F8749550C3}.Debug|x86.Build.0 = Debug|Win32
		{64524017-1E06-4FCF-8223-92F8749550C3}.Release|x64.ActiveCfg = Release|x64
		{64524017-1E06-4FCF-8223-92F8749550C3}.Release|x64.Build.0 = Release|x64
		{64524017-1E06-4FCF-8223-92F8749550C3}.Release|x86.ActiveCfg = Release|Win32
		{64524017-1E06-4FCF-8223-92F8749550C3}.Release|x86.Build.0 = Release|Win32
		{0BAC2929-53FC-4837-994B-960B4EF93A05}.Debug|x64.ActiveCfg = Debug|x64
		{0BAC2929-53FC-4837-994B-960B4EF93A05}.Debug|x64.Build.0 = Debug|x64
		{0BAC2929-53FC-4837-994B-960B4EF93A05}.Debug|x86.ActiveCfg = Debug|Win32
		{0BAC2929-53FC-4837-994B-960B4EF93A05}.Debug|x86.Build.0 = Debug|Win32
		{0BAC2929-53FC-4837-994B-960B4EF93A05}.Release|x64.ActiveCfg = Release|x64
		{0BAC2929-53FC-4837-994B-960B4EF93A05}.Release|x64.Build.0 = Release|x64
		{0BAC2929-53FC-4837-994B-960B4EF93A05}.Release|x86.ActiveCfg = Release|Win32
		{0BAC2929-53FC-4837-994B-960B4EF93A05}.Release|x86.Build.0 = Release|Win32
		{293933D5-7EEB-4570-B4A3-8AEEC477B2F0}.Debug|x64.ActiveCfg = Debug|x64
		{293933D5-7EEB-4570-B4A3-8AEEC477B2F0}.Debug|x64.Build.0 = Debug|x64
		{293933D5-7EEB-4570-B4A3-8AEEC477B2F0}.Debug|x86.ActiveCfg = Debug|Win32
		{293933D5-7EEB-4570-B4A3-8AEEC477B2F0}.Debug|x86.Build.0 = Debug|Win32
		{293933D5-7EEB-4570-B4A3-8AEEC477B2F0}.Release|x64.ActiveCfg = Release|x64
		{293933D5-7EEB-4570-B4A3-8AEEC477B2F0}.Release|x64.Build.0 = Release|x64
		{293933D5-7EEB-4570-B4A3-8AEEC477B2F0}.Release|x86.ActiveCfg = Release|Win32
		{293933D5-7EEB-4570-B4A3-8AEEC477B2F0}.Release|x86.Build.0 = Release|Win32
		{A9110966-C71B-4369-A124-73D34D4843B5}.Debug|x64.ActiveCfg = Debug|x64
		{A9110966-C71B-4369-A124-73D34D4843B5}.Debug|x64.Build.0 = Debug|x64
		{A9110966-C71B-4369-A124-73D34D4843B5}.Debug|x86.ActiveCfg = Debug|Win32
		{A9110966-C71B-4369-A124-73D34D4843B5}.Debug|x86.Build.0 = Debug|Win32
		{A9110966-C71B-4369-A124-73D34D4843B5}.Release|x64.ActiveCfg = Release|x64
		{A9110966-C71B-4369-A124-73D34D4843B5}.Release|x64.Build.0 = Release|x64
		{A9110966-C71B-4369-A124-73D34D4843B5}.Release|x86.ActiveCfg = Release|Win32
		{A9110966-C71B-4369-A124-73D34D4843B5}.Release|x86.Build.0 = Release|Win32
		{B13DDB86-F5BC-4D1C-9613-0E940FA86BD7}.Debug|x64.ActiveCfg = Debug|x64
		{B13DDB86-F5BC-4D1C-9613-0E940FA86BD7}.Debug|x64.Build.0 = Debug|x64
		{B13DDB86-F5BC-4D1C-9613-0E940FA86BD7}.Debug|x86.ActiveCfg = Debug|Win32
		{B13DDB86-F5BC-4D1C-9613-0E940FA86BD7}.Debug|x86.Build.0 = Debug|Win32
		{B13DDB86-F5BC-4D1C-9613-0E940FA86BD7}.Release|x64.ActiveCfg = Release|x64
		{B13DDB86-F5BC-4D1C-9613-0E940FA86BD7}.Release|x64.Build.0 = Release|x64
		{B13DDB86-F5BC-4D1C-9613-0E940FA86BD7}.Release|x86.ActiveCfg = Release|Win32
		{B13DDB86-F5BC-4D1C-9613-0E940FA86BD7}.Release|x86.Build.0 = Release|Win32
		{CE11803C-6E5A-4B7E-80D6-94EB8EA7E35B}.Debug|x64.ActiveCfg = Debug|x64
		{CE11803C-6E5A-4B7E-80D6-94EB8EA7E35B}.Debug|x64.Build.0 = Debug|x64
		{CE11803C-6E5A-4B7E-80D6-94EB8EA7E35B}.Debug|x86.ActiveCfg = Debug|Win32
		{CE11803C-6E5A-4B7E-80D6-94EB8EA7E35B}.Debug|x86.Build.0 = Debug|Win32
		{CE11803C-6E5A-4B7E-80D6-94EB8EA7E35B}.Release|x64.ActiveCfg = Release|x64
		{CE11803C-6E5A-4B7E-80D6-94EB8EA7E35B}.Release|x64.Build.0 = Release|x64
		{CE11803C-6E5A-4B7E-80D6-94EB8EA7E35B}.Release|x86.ActiveCfg = Release|Win32
		{CE11803C-6E5A-4B7E-80D6-94EB8EA7E35B}.Release|x86.Build.0 = Release|Win32
		{0372C91C-33E6-42F1-909D-F045EC1CD01E}.Debug|x64.ActiveCfg = Debug|x64
		{0372C91C-33E6-42F1-909D-F045EC1CD01E}.Debug|x64.Build.0 = Debug|x64
		{0372C91C-33E6-42F1-909D-F045EC1CD01E}.Debug|x86.ActiveCfg = Debug|Win32
		{0372C91C-33E6-42F1-909D-F045EC1CD01E}.Debug|x86.Build.0 = Debug|Win32
		{0372C91C-33E6-42F1-909D-F045EC1CD01E}.Release|x64.ActiveCfg = Release|x64
		{0372C91C-33E6-42F1-909D-F045EC1CD01E}.Release|x64.Build.0 = Release|x64
		{0372C91C-33E6-42F1-909D-F045EC1CD01E}.Release|x86.ActiveCfg = Release|Win32
		{0372C91C-33E6-42F1-909D-F045EC1CD01E}.Release|x86.Build.0 = Release|Win32
		{314CFD0A-25A8-488F-B844-92B5F4FE08A2}.Debug|x64.ActiveCfg = Debug|x64
		{314CFD0A-25A8-488F-B844-92B5F4FE08A2}.Debug|x64.Build.0 = Debug|x64
		{314CFD0A-25A8-488F-B844-92B5F4FE08A2}.Debug|x86.ActiveCfg = Debug|Win32
		{314CFD0A-25A8-488F-B844-92B5F4FE08A2}.Debug|x86.Build.0 = Debug|Win32
		{314CFD0A-25A8-488F-B844-92B5F4FE08A2}.Release|x64.ActiveCfg = Release|x64
		{314CFD0A-25A8-488F-B844-92B5F4FE08A2}.Release|x64.Build.0 = Release|x64
		{314CFD0A-25A8-488F-B844-92B5F4FE08A2}.Release|x86.ActiveCfg = Release|Win32
		{314CFD0A-25A8-488F-B844-92B5F4FE08A2}.Release|x86.Build.0 = Release|Win32
		{066834AC-D86E-4CBD-BBE3-70C21EFD4D90}.Debug|x64.ActiveCfg = Debug|x64
		{066834AC-D86E-4CBD-BBE3-70C21EFD4D90}.Debug|x64.Build.0 = Debug|x64
		{066834AC-D86E-4CBD-BBE3-70C21EFD4D90}.Debug|x86.ActiveCfg = Debug|Win32
		{066834AC-D86E-4CBD-BBE3-70C21EFD4D90}.Debug|x86.Build.0 = Debug|Win32
		{066834AC-D86E-4CBD-BBE3-70C21EFD4D90}.Release|x64.ActiveCfg = Release|x64
		{066834AC-D86E-4CBD-BBE3-70C21EFD4D90}.Release|x64.Build.0 = Release|x64
		{066834AC-D86E-4CBD-BBE3-70C21EFD4D90}.Release|x86.ActiveCfg = Release|Win32
		{066834AC-D86E-4CBD-BBE3-70C21EFD4D90}.Release|x86.Build.0 = Release|Win32
	EndGlobalSection
	GlobalSection(SolutionProperties) = preSolution
		HideSolutionNode = FALSE
	EndGlobalSection
EndGlobal
